
Microsoft Visual Studio Solution File, Format Version 12.00
# Visual Studio Version 16
VisualStudioVersion = 16.0.29230.47
MinimumVisualStudioVersion = 10.0.40219.1
Project("{FAE04EC0-301F-11D3-BF4B-00C04F79EFBC}") = "Stack", "Stack.csproj", "{AD6F4005-EF2D-4B89-821D-CA1968A4CCFA}"
EndProject
Global
	GlobalSection(SolutionConfigurationPlatforms) = preSolution
		Debug|Any CPU = Debug|Any CPU
		Release|Any CPU = Release|Any CPU
	EndGlobalSection
	GlobalSection(ProjectConfigurationPlatforms) = postSolution
		{AD6F4005-EF2D-4B89-821D-CA1968A4CCFA}.Debug|Any CPU.ActiveCfg = Debug|Any CPU
		{AD6F4005-EF2D-4B89-821D-CA1968A4CCFA}.Debug|Any CPU.Build.0 = Debug|Any CPU
		{AD6F4005-EF2D-4B89-821D-CA1968A4CCFA}.Release|Any CPU.ActiveCfg = Release|Any CPU
		{AD6F4005-EF2D-4B89-821D-CA1968A4CCFA}.Release|Any CPU.Build.0 = Release|Any CPU
	EndGlobalSection
	GlobalSection(SolutionProperties) = preSolution
		HideSolutionNode = FALSE
	EndGlobalSection
	GlobalSection(ExtensibilityGlobals) = postSolution
		SolutionGuid = {FA436771-2D90-41B5-908B-63A4DA701086}
	EndGlobalSection
EndGlobal
